
Microsoft Visual Studio Solution File, Format Version 12.00
# Visual Studio 15
VisualStudioVersion = 15.0.26124.0
MinimumVisualStudioVersion = 15.0.26124.0
Project("{2150E333-8FDC-42A3-9474-1A3956D46DE8}") = "src", "src", "{4D0173D5-D697-40DE-A5B3-F1F874A5511F}"
EndProject
Project("{FAE04EC0-301F-11D3-BF4B-00C04F79EFBC}") = "Ecclesia.Resolver.Endpoint", "src\Ecclesia.Resolver.Endpoint\Ecclesia.Resolver.Endpoint.csproj", "{0461B26C-1958-4D07-9CBE-B11193FAE455}"
EndProject
Project("{FAE04EC0-301F-11D3-BF4B-00C04F79EFBC}") = "Ecclesia.Resolver.Orm", "src\Ecclesia.Resolver.Orm\Ecclesia.Resolver.Orm.csproj", "{D1E9C15B-1CC7-4E1B-A1E5-4D7F05C86C49}"
EndProject
Project("{2150E333-8FDC-42A3-9474-1A3956D46DE8}") = "test", "test", "{ABFAF6AB-32E2-49FE-869F-43C91C983ACA}"
EndProject
Project("{FAE04EC0-301F-11D3-BF4B-00C04F79EFBC}") = "Ecclesia.Resolver.OrmTest", "test\Ecclesia.Resolver.OrmTest\Ecclesia.Resolver.OrmTest.csproj", "{B72226C4-5340-4707-8CB0-A3AF4B56A0AD}"
EndProject
Project("{FAE04EC0-301F-11D3-BF4B-00C04F79EFBC}") = "Ecclesia.Resolver.Storage", "src\Ecclesia.Resolver.Storage\Ecclesia.Resolver.Storage.csproj", "{6D1A1970-E0A5-4CE8-BAAA-648F3F0AA381}"
EndProject
Project("{FAE04EC0-301F-11D3-BF4B-00C04F79EFBC}") = "Ecclesia.Resolver.StorageTest", "test\Ecclesia.Resolver.StorageTest\Ecclesia.Resolver.StorageTest.csproj", "{EDC6D39D-447E-474B-9D82-B051F86097A1}"
EndProject
Global
	GlobalSection(SolutionConfigurationPlatforms) = preSolution
		Debug|Any CPU = Debug|Any CPU
		Debug|x64 = Debug|x64
		Debug|x86 = Debug|x86
		Release|Any CPU = Release|Any CPU
		Release|x64 = Release|x64
		Release|x86 = Release|x86
	EndGlobalSection
	GlobalSection(SolutionProperties) = preSolution
		HideSolutionNode = FALSE
	EndGlobalSection
	GlobalSection(ProjectConfigurationPlatforms) = postSolution
		{0461B26C-1958-4D07-9CBE-B11193FAE455}.Debug|Any CPU.ActiveCfg = Debug|Any CPU
		{0461B26C-1958-4D07-9CBE-B11193FAE455}.Debug|Any CPU.Build.0 = Debug|Any CPU
		{0461B26C-1958-4D07-9CBE-B11193FAE455}.Debug|x64.ActiveCfg = Debug|x64
		{0461B26C-1958-4D07-9CBE-B11193FAE455}.Debug|x64.Build.0 = Debug|x64
		{0461B26C-1958-4D07-9CBE-B11193FAE455}.Debug|x86.ActiveCfg = Debug|x86
		{0461B26C-1958-4D07-9CBE-B11193FAE455}.Debug|x86.Build.0 = Debug|x86
		{0461B26C-1958-4D07-9CBE-B11193FAE455}.Release|Any CPU.ActiveCfg = Release|Any CPU
		{0461B26C-1958-4D07-9CBE-B11193FAE455}.Release|Any CPU.Build.0 = Release|Any CPU
		{0461B26C-1958-4D07-9CBE-B11193FAE455}.Release|x64.ActiveCfg = Release|x64
		{0461B26C-1958-4D07-9CBE-B11193FAE455}.Release|x64.Build.0 = Release|x64
		{0461B26C-1958-4D07-9CBE-B11193FAE455}.Release|x86.ActiveCfg = Release|x86
		{0461B26C-1958-4D07-9CBE-B11193FAE455}.Release|x86.Build.0 = Release|x86
		{D1E9C15B-1CC7-4E1B-A1E5-4D7F05C86C49}.Debug|Any CPU.ActiveCfg = Debug|Any CPU
		{D1E9C15B-1CC7-4E1B-A1E5-4D7F05C86C49}.Debug|Any CPU.Build.0 = Debug|Any CPU
		{D1E9C15B-1CC7-4E1B-A1E5-4D7F05C86C49}.Debug|x64.ActiveCfg = Debug|x64
		{D1E9C15B-1CC7-4E1B-A1E5-4D7F05C86C49}.Debug|x64.Build.0 = Debug|x64
		{D1E9C15B-1CC7-4E1B-A1E5-4D7F05C86C49}.Debug|x86.ActiveCfg = Debug|x86
		{D1E9C15B-1CC7-4E1B-A1E5-4D7F05C86C49}.Debug|x86.Build.0 = Debug|x86
		{D1E9C15B-1CC7-4E1B-A1E5-4D7F05C86C49}.Release|Any CPU.ActiveCfg = Release|Any CPU
		{D1E9C15B-1CC7-4E1B-A1E5-4D7F05C86C49}.Release|Any CPU.Build.0 = Release|Any CPU
		{D1E9C15B-1CC7-4E1B-A1E5-4D7F05C86C49}.Release|x64.ActiveCfg = Release|x64
		{D1E9C15B-1CC7-4E1B-A1E5-4D7F05C86C49}.Release|x64.Build.0 = Release|x64
		{D1E9C15B-1CC7-4E1B-A1E5-4D7F05C86C49}.Release|x86.ActiveCfg = Release|x86
		{D1E9C15B-1CC7-4E1B-A1E5-4D7F05C86C49}.Release|x86.Build.0 = Release|x86
		{B72226C4-5340-4707-8CB0-A3AF4B56A0AD}.Debug|Any CPU.ActiveCfg = Debug|Any CPU
		{B72226C4-5340-4707-8CB0-A3AF4B56A0AD}.Debug|Any CPU.Build.0 = Debug|Any CPU
		{B72226C4-5340-4707-8CB0-A3AF4B56A0AD}.Debug|x64.ActiveCfg = Debug|x64
		{B72226C4-5340-4707-8CB0-A3AF4B56A0AD}.Debug|x64.Build.0 = Debug|x64
		{B72226C4-5340-4707-8CB0-A3AF4B56A0AD}.Debug|x86.ActiveCfg = Debug|x86
		{B72226C4-5340-4707-8CB0-A3AF4B56A0AD}.Debug|x86.Build.0 = Debug|x86
		{B72226C4-5340-4707-8CB0-A3AF4B56A0AD}.Release|Any CPU.ActiveCfg = Release|Any CPU
		{B72226C4-5340-4707-8CB0-A3AF4B56A0AD}.Release|Any CPU.Build.0 = Release|Any CPU
		{B72226C4-5340-4707-8CB0-A3AF4B56A0AD}.Release|x64.ActiveCfg = Release|x64
		{B72226C4-5340-4707-8CB0-A3AF4B56A0AD}.Release|x64.Build.0 = Release|x64
		{B72226C4-5340-4707-8CB0-A3AF4B56A0AD}.Release|x86.ActiveCfg = Release|x86
		{B72226C4-5340-4707-8CB0-A3AF4B56A0AD}.Release|x86.Build.0 = Release|x86
		{6D1A1970-E0A5-4CE8-BAAA-648F3F0AA381}.Debug|Any CPU.ActiveCfg = Debug|Any CPU
		{6D1A1970-E0A5-4CE8-BAAA-648F3F0AA381}.Debug|Any CPU.Build.0 = Debug|Any CPU
		{6D1A1970-E0A5-4CE8-BAAA-648F3F0AA381}.Debug|x64.ActiveCfg = Debug|x64
		{6D1A1970-E0A5-4CE8-BAAA-648F3F0AA381}.Debug|x64.Build.0 = Debug|x64
		{6D1A1970-E0A5-4CE8-BAAA-648F3F0AA381}.Debug|x86.ActiveCfg = Debug|x86
		{6D1A1970-E0A5-4CE8-BAAA-648F3F0AA381}.Debug|x86.Build.0 = Debug|x86
		{6D1A1970-E0A5-4CE8-BAAA-648F3F0AA381}.Release|Any CPU.ActiveCfg = Release|Any CPU
		{6D1A1970-E0A5-4CE8-BAAA-648F3F0AA381}.Release|Any CPU.Build.0 = Release|Any CPU
		{6D1A1970-E0A5-4CE8-BAAA-648F3F0AA381}.Release|x64.ActiveCfg = Release|x64
		{6D1A1970-E0A5-4CE8-BAAA-648F3F0AA381}.Release|x64.Build.0 = Release|x64
		{6D1A1970-E0A5-4CE8-BAAA-648F3F0AA381}.Release|x86.ActiveCfg = Release|x86
		{6D1A1970-E0A5-4CE8-BAAA-648F3F0AA381}.Release|x86.Build.0 = Release|x86
		{EDC6D39D-447E-474B-9D82-B051F86097A1}.Debug|Any CPU.ActiveCfg = Debug|Any CPU
		{EDC6D39D-447E-474B-9D82-B051F86097A1}.Debug|Any CPU.Build.0 = Debug|Any CPU
		{EDC6D39D-447E-474B-9D82-B051F86097A1}.Debug|x64.ActiveCfg = Debug|x64
		{EDC6D39D-447E-474B-9D82-B051F86097A1}.Debug|x64.Build.0 = Debug|x64
		{EDC6D39D-447E-474B-9D82-B051F86097A1}.Debug|x86.ActiveCfg = Debug|x86
		{EDC6D39D-447E-474B-9D82-B051F86097A1}.Debug|x86.Build.0 = Debug|x86
		{EDC6D39D-447E-474B-9D82-B051F86097A1}.Release|Any CPU.ActiveCfg = Release|Any CPU
		{EDC6D39D-447E-474B-9D82-B051F86097A1}.Release|Any CPU.Build.0 = Release|Any CPU
		{EDC6D39D-447E-474B-9D82-B051F86097A1}.Release|x64.ActiveCfg = Release|x64
		{EDC6D39D-447E-474B-9D82-B051F86097A1}.Release|x64.Build.0 = Release|x64
		{EDC6D39D-447E-474B-9D82-B051F86097A1}.Release|x86.ActiveCfg = Release|x86
		{EDC6D39D-447E-474B-9D82-B051F86097A1}.Release|x86.Build.0 = Release|x86
	EndGlobalSection
	GlobalSection(NestedProjects) = preSolution
		{0461B26C-1958-4D07-9CBE-B11193FAE455} = {4D0173D5-D697-40DE-A5B3-F1F874A5511F}
		{D1E9C15B-1CC7-4E1B-A1E5-4D7F05C86C49} = {4D0173D5-D697-40DE-A5B3-F1F874A5511F}
		{B72226C4-5340-4707-8CB0-A3AF4B56A0AD} = {ABFAF6AB-32E2-49FE-869F-43C91C983ACA}
		{6D1A1970-E0A5-4CE8-BAAA-648F3F0AA381} = {4D0173D5-D697-40DE-A5B3-F1F874A5511F}
		{EDC6D39D-447E-474B-9D82-B051F86097A1} = {ABFAF6AB-32E2-49FE-869F-43C91C983ACA}
	EndGlobalSection
EndGlobal
